
Microsoft Visual Studio Solution File, Format Version 12.00
# Visual Studio Version 16
VisualStudioVersion = 16.0.30128.74
MinimumVisualStudioVersion = 10.0.40219.1
Project("{9A19103F-16F7-4668-BE54-9A1E7A4F7556}") = "ApartmentRentalService", "ApartmentRentalService.csproj", "{E05EC3F9-4DBC-44A1-BCE3-D8360F4A0528}"
EndProject
Project("{9A19103F-16F7-4668-BE54-9A1E7A4F7556}") = "ApartmentRentalServiceTest", "..\ApartmentRentalServiceTest\ApartmentRentalServiceTest.csproj", "{1D8B5021-08DD-4B4E-A833-4CAAE6B005AC}"
EndProject
Global
	GlobalSection(SolutionConfigurationPlatforms) = preSolution
		Debug|Any CPU = Debug|Any CPU
		Release|Any CPU = Release|Any CPU
	EndGlobalSection
	GlobalSection(ProjectConfigurationPlatforms) = postSolution
		{E05EC3F9-4DBC-44A1-BCE3-D8360F4A0528}.Debug|Any CPU.ActiveCfg = Debug|Any CPU
		{E05EC3F9-4DBC-44A1-BCE3-D8360F4A0528}.Debug|Any CPU.Build.0 = Debug|Any CPU
		{E05EC3F9-4DBC-44A1-BCE3-D8360F4A0528}.Release|Any CPU.ActiveCfg = Release|Any CPU
		{E05EC3F9-4DBC-44A1-BCE3-D8360F4A0528}.Release|Any CPU.Build.0 = Release|Any CPU
		{1D8B5021-08DD-4B4E-A833-4CAAE6B005AC}.Debug|Any CPU.ActiveCfg = Debug|Any CPU
		{1D8B5021-08DD-4B4E-A833-4CAAE6B005AC}.Debug|Any CPU.Build.0 = Debug|Any CPU
		{1D8B5021-08DD-4B4E-A833-4CAAE6B005AC}.Release|Any CPU.ActiveCfg = Release|Any CPU
		{1D8B5021-08DD-4B4E-A833-4CAAE6B005AC}.Release|Any CPU.Build.0 = Release|Any CPU
	EndGlobalSection
	GlobalSection(SolutionProperties) = preSolution
		HideSolutionNode = FALSE
	EndGlobalSection
	GlobalSection(ExtensibilityGlobals) = postSolution
		SolutionGuid = {C31BC6D8-B4CA-4C3B-A540-A286E039615E}
	EndGlobalSection
EndGlobal
